
Microsoft Visual Studio Solution File, Format Version 12.00
# Visual Studio Version 16
VisualStudioVersion = 16.0.29613.14
MinimumVisualStudioVersion = 10.0.40219.1
Project("{9A19103F-16F7-4668-BE54-9A1E7A4F7556}") = "MazeSolvingApplication", "MazeSolvingApplication\MazeSolvingApplication.csproj", "{E7683DFD-E468-49B5-BAD4-8D11F276C2C5}"
EndProject
Project("{9A19103F-16F7-4668-BE54-9A1E7A4F7556}") = "MazeGenerationService", "MazeGenerationService\MazeGenerationService.csproj", "{121AA23F-7A85-473A-B2A4-D2B61FFC22AA}"
EndProject
Project("{9A19103F-16F7-4668-BE54-9A1E7A4F7556}") = "Domain", "Domain\Domain.csproj", "{5F9836BD-5680-4733-9DC7-15D9F52E6E32}"
EndProject
Project("{9A19103F-16F7-4668-BE54-9A1E7A4F7556}") = "FileManagementService", "FileManagementService\FileManagementService.csproj", "{E6EA9CFD-3434-434A-9706-5E87559A1BA2}"
EndProject
Project("{FAE04EC0-301F-11D3-BF4B-00C04F79EFBC}") = "Common", "Common\Common.csproj", "{D1455949-C4D4-4B9B-B983-288F067F6B51}"
EndProject
Global
	GlobalSection(SolutionConfigurationPlatforms) = preSolution
		Debug|Any CPU = Debug|Any CPU
		Release|Any CPU = Release|Any CPU
	EndGlobalSection
	GlobalSection(ProjectConfigurationPlatforms) = postSolution
		{E7683DFD-E468-49B5-BAD4-8D11F276C2C5}.Debug|Any CPU.ActiveCfg = Debug|Any CPU
		{E7683DFD-E468-49B5-BAD4-8D11F276C2C5}.Debug|Any CPU.Build.0 = Debug|Any CPU
		{E7683DFD-E468-49B5-BAD4-8D11F276C2C5}.Release|Any CPU.ActiveCfg = Release|Any CPU
		{E7683DFD-E468-49B5-BAD4-8D11F276C2C5}.Release|Any CPU.Build.0 = Release|Any CPU
		{121AA23F-7A85-473A-B2A4-D2B61FFC22AA}.Debug|Any CPU.ActiveCfg = Debug|Any CPU
		{121AA23F-7A85-473A-B2A4-D2B61FFC22AA}.Debug|Any CPU.Build.0 = Debug|Any CPU
		{121AA23F-7A85-473A-B2A4-D2B61FFC22AA}.Release|Any CPU.ActiveCfg = Release|Any CPU
		{121AA23F-7A85-473A-B2A4-D2B61FFC22AA}.Release|Any CPU.Build.0 = Release|Any CPU
		{5F9836BD-5680-4733-9DC7-15D9F52E6E32}.Debug|Any CPU.ActiveCfg = Debug|Any CPU
		{5F9836BD-5680-4733-9DC7-15D9F52E6E32}.Debug|Any CPU.Build.0 = Debug|Any CPU
		{5F9836BD-5680-4733-9DC7-15D9F52E6E32}.Release|Any CPU.ActiveCfg = Release|Any CPU
		{5F9836BD-5680-4733-9DC7-15D9F52E6E32}.Release|Any CPU.Build.0 = Release|Any CPU
		{E6EA9CFD-3434-434A-9706-5E87559A1BA2}.Debug|Any CPU.ActiveCfg = Debug|Any CPU
		{E6EA9CFD-3434-434A-9706-5E87559A1BA2}.Debug|Any CPU.Build.0 = Debug|Any CPU
		{E6EA9CFD-3434-434A-9706-5E87559A1BA2}.Release|Any CPU.ActiveCfg = Release|Any CPU
		{E6EA9CFD-3434-434A-9706-5E87559A1BA2}.Release|Any CPU.Build.0 = Release|Any CPU
		{D1455949-C4D4-4B9B-B983-288F067F6B51}.Debug|Any CPU.ActiveCfg = Debug|Any CPU
		{D1455949-C4D4-4B9B-B983-288F067F6B51}.Debug|Any CPU.Build.0 = Debug|Any CPU
		{D1455949-C4D4-4B9B-B983-288F067F6B51}.Release|Any CPU.ActiveCfg = Release|Any CPU
		{D1455949-C4D4-4B9B-B983-288F067F6B51}.Release|Any CPU.Build.0 = Release|Any CPU
	EndGlobalSection
	GlobalSection(SolutionProperties) = preSolution
		HideSolutionNode = FALSE
	EndGlobalSection
	GlobalSection(ExtensibilityGlobals) = postSolution
		SolutionGuid = {54ADE838-9B55-44AB-97C4-CB92FEF64950}
	EndGlobalSection
EndGlobal
